
Microsoft Visual Studio Solution File, Format Version 12.00
# Visual Studio Version 17
VisualStudioVersion = 17.6.33829.357
MinimumVisualStudioVersion = 10.0.40219.1
Project("{9A19103F-16F7-4668-BE54-9A1E7A4F7556}") = "SalesSystem.API", "SalesSystem.API\SalesSystem.API.csproj", "{57083AA6-AF7C-4745-9610-BE0F4DC54E4B}"
EndProject
Project("{9A19103F-16F7-4668-BE54-9A1E7A4F7556}") = "SalesSystem.Model", "SalesSystem.Model\SalesSystem.Model.csproj", "{C59F10D1-16A7-4A6E-84F3-22F816DCDAAA}"
EndProject
Project("{9A19103F-16F7-4668-BE54-9A1E7A4F7556}") = "SalesSystem.Data", "SalesSystem.Data\SalesSystem.Data.csproj", "{F376CD2E-2E71-4187-AF39-F18D14CBA330}"
EndProject
Project("{9A19103F-16F7-4668-BE54-9A1E7A4F7556}") = "SalesSystem.Util", "SalesSystem.Util\SalesSystem.Util.csproj", "{1BF14192-1E1C-4E3D-9498-565964D7278E}"
EndProject
Project("{9A19103F-16F7-4668-BE54-9A1E7A4F7556}") = "SalesSystem.Shared", "SalesSystem.Shared\SalesSystem.Shared.csproj", "{8E694473-BBE6-4F60-AD08-52CDA485359A}"
EndProject
Global
	GlobalSection(SolutionConfigurationPlatforms) = preSolution
		Debug|Any CPU = Debug|Any CPU
		Release|Any CPU = Release|Any CPU
	EndGlobalSection
	GlobalSection(ProjectConfigurationPlatforms) = postSolution
		{57083AA6-AF7C-4745-9610-BE0F4DC54E4B}.Debug|Any CPU.ActiveCfg = Debug|Any CPU
		{57083AA6-AF7C-4745-9610-BE0F4DC54E4B}.Debug|Any CPU.Build.0 = Debug|Any CPU
		{57083AA6-AF7C-4745-9610-BE0F4DC54E4B}.Release|Any CPU.ActiveCfg = Release|Any CPU
		{57083AA6-AF7C-4745-9610-BE0F4DC54E4B}.Release|Any CPU.Build.0 = Release|Any CPU
		{C59F10D1-16A7-4A6E-84F3-22F816DCDAAA}.Debug|Any CPU.ActiveCfg = Debug|Any CPU
		{C59F10D1-16A7-4A6E-84F3-22F816DCDAAA}.Debug|Any CPU.Build.0 = Debug|Any CPU
		{C59F10D1-16A7-4A6E-84F3-22F816DCDAAA}.Release|Any CPU.ActiveCfg = Release|Any CPU
		{C59F10D1-16A7-4A6E-84F3-22F816DCDAAA}.Release|Any CPU.Build.0 = Release|Any CPU
		{F376CD2E-2E71-4187-AF39-F18D14CBA330}.Debug|Any CPU.ActiveCfg = Debug|Any CPU
		{F376CD2E-2E71-4187-AF39-F18D14CBA330}.Debug|Any CPU.Build.0 = Debug|Any CPU
		{F376CD2E-2E71-4187-AF39-F18D14CBA330}.Release|Any CPU.ActiveCfg = Release|Any CPU
		{F376CD2E-2E71-4187-AF39-F18D14CBA330}.Release|Any CPU.Build.0 = Release|Any CPU
		{1BF14192-1E1C-4E3D-9498-565964D7278E}.Debug|Any CPU.ActiveCfg = Debug|Any CPU
		{1BF14192-1E1C-4E3D-9498-565964D7278E}.Debug|Any CPU.Build.0 = Debug|Any CPU
		{1BF14192-1E1C-4E3D-9498-565964D7278E}.Release|Any CPU.ActiveCfg = Release|Any CPU
		{1BF14192-1E1C-4E3D-9498-565964D7278E}.Release|Any CPU.Build.0 = Release|Any CPU
		{8E694473-BBE6-4F60-AD08-52CDA485359A}.Debug|Any CPU.ActiveCfg = Debug|Any CPU
		{8E694473-BBE6-4F60-AD08-52CDA485359A}.Debug|Any CPU.Build.0 = Debug|Any CPU
		{8E694473-BBE6-4F60-AD08-52CDA485359A}.Release|Any CPU.ActiveCfg = Release|Any CPU
		{8E694473-BBE6-4F60-AD08-52CDA485359A}.Release|Any CPU.Build.0 = Release|Any CPU
	EndGlobalSection
	GlobalSection(SolutionProperties) = preSolution
		HideSolutionNode = FALSE
	EndGlobalSection
	GlobalSection(ExtensibilityGlobals) = postSolution
		SolutionGuid = {006239E5-BE89-4268-A942-4E439E86B55E}
	EndGlobalSection
EndGlobal
