
Microsoft Visual Studio Solution File, Format Version 12.00
# Visual Studio Version 17
VisualStudioVersion = 17.6.33829.357
MinimumVisualStudioVersion = 10.0.40219.1
Project("{FAE04EC0-301F-11D3-BF4B-00C04F79EFBC}") = "SalesSystem.Shared", "SalesSystem.Shared\SalesSystem.Shared.csproj", "{489AE526-77B2-484E-855D-B3E378C9EF2A}"
EndProject
Global
	GlobalSection(SolutionConfigurationPlatforms) = preSolution
		Debug|Any CPU = Debug|Any CPU
		Release|Any CPU = Release|Any CPU
	EndGlobalSection
	GlobalSection(ProjectConfigurationPlatforms) = postSolution
		{489AE526-77B2-484E-855D-B3E378C9EF2A}.Debug|Any CPU.ActiveCfg = Debug|Any CPU
		{489AE526-77B2-484E-855D-B3E378C9EF2A}.Debug|Any CPU.Build.0 = Debug|Any CPU
		{489AE526-77B2-484E-855D-B3E378C9EF2A}.Release|Any CPU.ActiveCfg = Release|Any CPU
		{489AE526-77B2-484E-855D-B3E378C9EF2A}.Release|Any CPU.Build.0 = Release|Any CPU
	EndGlobalSection
	GlobalSection(SolutionProperties) = preSolution
		HideSolutionNode = FALSE
	EndGlobalSection
	GlobalSection(ExtensibilityGlobals) = postSolution
		SolutionGuid = {C4190654-9943-4273-AB1C-E1D1A193425B}
	EndGlobalSection
EndGlobal
